
Microsoft Visual Studio Solution File, Format Version 12.00
# Visual Studio Version 17
VisualStudioVersion = 17.11.35312.102
MinimumVisualStudioVersion = 10.0.40219.1
Project("{9A19103F-16F7-4668-BE54-9A1E7A4F7556}") = "Server", "odaurehon.Server\Server.csproj", "{3ADC6FD9-3DF3-442D-B146-26855CBB4C29}"
EndProject
Project("{54A90642-561A-4BB1-A94E-469ADEE60C69}") = "Client", "odaurehon.client\Client.esproj", "{2C444F91-09AA-4996-BF7E-492A73B1AD24}"
EndProject
Global
	GlobalSection(SolutionConfigurationPlatforms) = preSolution
		Debug|Any CPU = Debug|Any CPU
		Release|Any CPU = Release|Any CPU
	EndGlobalSection
	GlobalSection(ProjectConfigurationPlatforms) = postSolution
		{3ADC6FD9-3DF3-442D-B146-26855CBB4C29}.Debug|Any CPU.ActiveCfg = Debug|Any CPU
		{3ADC6FD9-3DF3-442D-B146-26855CBB4C29}.Debug|Any CPU.Build.0 = Debug|Any CPU
		{3ADC6FD9-3DF3-442D-B146-26855CBB4C29}.Release|Any CPU.ActiveCfg = Release|Any CPU
		{3ADC6FD9-3DF3-442D-B146-26855CBB4C29}.Release|Any CPU.Build.0 = Release|Any CPU
		{2C444F91-09AA-4996-BF7E-492A73B1AD24}.Debug|Any CPU.ActiveCfg = Debug|Any CPU
		{2C444F91-09AA-4996-BF7E-492A73B1AD24}.Debug|Any CPU.Build.0 = Debug|Any CPU
		{2C444F91-09AA-4996-BF7E-492A73B1AD24}.Debug|Any CPU.Deploy.0 = Debug|Any CPU
		{2C444F91-09AA-4996-BF7E-492A73B1AD24}.Release|Any CPU.ActiveCfg = Release|Any CPU
		{2C444F91-09AA-4996-BF7E-492A73B1AD24}.Release|Any CPU.Build.0 = Release|Any CPU
		{2C444F91-09AA-4996-BF7E-492A73B1AD24}.Release|Any CPU.Deploy.0 = Release|Any CPU
	EndGlobalSection
	GlobalSection(SolutionProperties) = preSolution
		HideSolutionNode = FALSE
	EndGlobalSection
	GlobalSection(ExtensibilityGlobals) = postSolution
		SolutionGuid = {AD9DC6A8-2BF6-46D7-B4ED-448EC2EB59DC}
	EndGlobalSection
EndGlobal
